
Microsoft Visual Studio Solution File, Format Version 12.00
# Visual Studio Version 16
VisualStudioVersion = 16.0.30717.126
MinimumVisualStudioVersion = 10.0.40219.1
Project("{FAE04EC0-301F-11D3-BF4B-00C04F79EFBC}") = "WebStore", "WebStore\WebStore.csproj", "{4835628E-98E4-4BE1-B291-C6F6594B1059}"
EndProject
Global
	GlobalSection(SolutionConfigurationPlatforms) = preSolution
		Debug|Any CPU = Debug|Any CPU
		Release|Any CPU = Release|Any CPU
	EndGlobalSection
	GlobalSection(ProjectConfigurationPlatforms) = postSolution
		{4835628E-98E4-4BE1-B291-C6F6594B1059}.Debug|Any CPU.ActiveCfg = Debug|Any CPU
		{4835628E-98E4-4BE1-B291-C6F6594B1059}.Debug|Any CPU.Build.0 = Debug|Any CPU
		{4835628E-98E4-4BE1-B291-C6F6594B1059}.Release|Any CPU.ActiveCfg = Release|Any CPU
		{4835628E-98E4-4BE1-B291-C6F6594B1059}.Release|Any CPU.Build.0 = Release|Any CPU
	EndGlobalSection
	GlobalSection(SolutionProperties) = preSolution
		HideSolutionNode = FALSE
	EndGlobalSection
	GlobalSection(ExtensibilityGlobals) = postSolution
		SolutionGuid = {D3518F4C-AE46-40B6-9D4A-CE09B5E4B1F9}
	EndGlobalSection
EndGlobal
